
Microsoft Visual Studio Solution File, Format Version 12.00
# Visual Studio Version 16
VisualStudioVersion = 16.0.32106.194
MinimumVisualStudioVersion = 10.0.40219.1
Project("{FAE04EC0-301F-11D3-BF4B-00C04F79EFBC}") = "Functions", "Functions\Functions.csproj", "{805E1A3B-10B8-40FF-A3E5-3E7B028527F5}"
EndProject
Project("{FAE04EC0-301F-11D3-BF4B-00C04F79EFBC}") = "UserNameData", "UserNameData\UserNameData.csproj", "{F7C8294E-FFE5-48C2-BDE1-8D08E9CCF891}"
EndProject
Project("{FAE04EC0-301F-11D3-BF4B-00C04F79EFBC}") = "UserNameDataTask", "UserNameDataTask\UserNameDataTask.csproj", "{41112A20-51D3-40A7-9E25-AA6E6B2ABC0F}"
EndProject
Global
	GlobalSection(SolutionConfigurationPlatforms) = preSolution
		Debug|Any CPU = Debug|Any CPU
		Release|Any CPU = Release|Any CPU
	EndGlobalSection
	GlobalSection(ProjectConfigurationPlatforms) = postSolution
		{805E1A3B-10B8-40FF-A3E5-3E7B028527F5}.Debug|Any CPU.ActiveCfg = Debug|Any CPU
		{805E1A3B-10B8-40FF-A3E5-3E7B028527F5}.Debug|Any CPU.Build.0 = Debug|Any CPU
		{805E1A3B-10B8-40FF-A3E5-3E7B028527F5}.Release|Any CPU.ActiveCfg = Release|Any CPU
		{805E1A3B-10B8-40FF-A3E5-3E7B028527F5}.Release|Any CPU.Build.0 = Release|Any CPU
		{F7C8294E-FFE5-48C2-BDE1-8D08E9CCF891}.Debug|Any CPU.ActiveCfg = Debug|Any CPU
		{F7C8294E-FFE5-48C2-BDE1-8D08E9CCF891}.Debug|Any CPU.Build.0 = Debug|Any CPU
		{F7C8294E-FFE5-48C2-BDE1-8D08E9CCF891}.Release|Any CPU.ActiveCfg = Release|Any CPU
		{F7C8294E-FFE5-48C2-BDE1-8D08E9CCF891}.Release|Any CPU.Build.0 = Release|Any CPU
		{41112A20-51D3-40A7-9E25-AA6E6B2ABC0F}.Debug|Any CPU.ActiveCfg = Debug|Any CPU
		{41112A20-51D3-40A7-9E25-AA6E6B2ABC0F}.Debug|Any CPU.Build.0 = Debug|Any CPU
		{41112A20-51D3-40A7-9E25-AA6E6B2ABC0F}.Release|Any CPU.ActiveCfg = Release|Any CPU
		{41112A20-51D3-40A7-9E25-AA6E6B2ABC0F}.Release|Any CPU.Build.0 = Release|Any CPU
	EndGlobalSection
	GlobalSection(SolutionProperties) = preSolution
		HideSolutionNode = FALSE
	EndGlobalSection
	GlobalSection(ExtensibilityGlobals) = postSolution
		SolutionGuid = {EFFAB50A-AB24-4314-925A-CD85C798CAB1}
	EndGlobalSection
EndGlobal
